
Microsoft Visual Studio Solution File, Format Version 12.00
# Visual Studio Version 17
VisualStudioVersion = 17.0.31903.59
MinimumVisualStudioVersion = 10.0.40219.1
Project("{9A19103F-16F7-4668-BE54-9A1E7A4F7556}") = "ClientApp.Wpf", "ClientApp.Wpf\ClientApp.Wpf.csproj", "{44C25BA8-A2EE-4E81-82F4-2271DE774D63}"
EndProject
Project("{9A19103F-16F7-4668-BE54-9A1E7A4F7556}") = "FunctionApp", "FunctionApp\FunctionApp.csproj", "{9E656C17-11D7-4F83-9A1F-F017CB125EA0}"
EndProject
Project("{FAE04EC0-301F-11D3-BF4B-00C04F79EFBC}") = "ClientApp.Mac", "ClientApp.Mac\ClientApp.Mac.csproj", "{AED2FB11-9D7F-46E7-A33B-1594DB191C53}"
EndProject
Project("{FAE04EC0-301F-11D3-BF4B-00C04F79EFBC}") = "ClientApp.Core", "ClientApp.Core\ClientApp.Core.csproj", "{5857DEC9-D4D2-486A-A39A-02993884A328}"
EndProject
Global
	GlobalSection(SolutionConfigurationPlatforms) = preSolution
		Debug|Any CPU = Debug|Any CPU
		Release|Any CPU = Release|Any CPU
	EndGlobalSection
	GlobalSection(ProjectConfigurationPlatforms) = postSolution
		{44C25BA8-A2EE-4E81-82F4-2271DE774D63}.Debug|Any CPU.ActiveCfg = Debug|Any CPU
		{44C25BA8-A2EE-4E81-82F4-2271DE774D63}.Debug|Any CPU.Build.0 = Debug|Any CPU
		{44C25BA8-A2EE-4E81-82F4-2271DE774D63}.Release|Any CPU.ActiveCfg = Release|Any CPU
		{44C25BA8-A2EE-4E81-82F4-2271DE774D63}.Release|Any CPU.Build.0 = Release|Any CPU
		{9E656C17-11D7-4F83-9A1F-F017CB125EA0}.Debug|Any CPU.ActiveCfg = Debug|Any CPU
		{9E656C17-11D7-4F83-9A1F-F017CB125EA0}.Debug|Any CPU.Build.0 = Debug|Any CPU
		{9E656C17-11D7-4F83-9A1F-F017CB125EA0}.Release|Any CPU.ActiveCfg = Release|Any CPU
		{9E656C17-11D7-4F83-9A1F-F017CB125EA0}.Release|Any CPU.Build.0 = Release|Any CPU
		{AED2FB11-9D7F-46E7-A33B-1594DB191C53}.Debug|Any CPU.ActiveCfg = Debug|Any CPU
		{AED2FB11-9D7F-46E7-A33B-1594DB191C53}.Debug|Any CPU.Build.0 = Debug|Any CPU
		{AED2FB11-9D7F-46E7-A33B-1594DB191C53}.Release|Any CPU.ActiveCfg = Release|Any CPU
		{AED2FB11-9D7F-46E7-A33B-1594DB191C53}.Release|Any CPU.Build.0 = Release|Any CPU
		{5857DEC9-D4D2-486A-A39A-02993884A328}.Debug|Any CPU.ActiveCfg = Debug|Any CPU
		{5857DEC9-D4D2-486A-A39A-02993884A328}.Debug|Any CPU.Build.0 = Debug|Any CPU
		{5857DEC9-D4D2-486A-A39A-02993884A328}.Release|Any CPU.ActiveCfg = Release|Any CPU
		{5857DEC9-D4D2-486A-A39A-02993884A328}.Release|Any CPU.Build.0 = Release|Any CPU
	EndGlobalSection
	GlobalSection(SolutionProperties) = preSolution
		HideSolutionNode = FALSE
	EndGlobalSection
	GlobalSection(ExtensibilityGlobals) = postSolution
		SolutionGuid = {0BFFB3FF-4BCD-40DD-8FAC-DB25BFECC621}
	EndGlobalSection
EndGlobal
